
Microsoft Visual Studio Solution File, Format Version 12.00
# Visual Studio Version 17
VisualStudioVersion = 17.2.32630.192
MinimumVisualStudioVersion = 10.0.40219.1
Project("{9A19103F-16F7-4668-BE54-9A1E7A4F7556}") = "SimpleSessions", "SimpleSessions\SimpleSessions.csproj", "{1BF71198-B19D-4868-A93A-ABF3AC8BC9BB}"
EndProject
Project("{9A19103F-16F7-4668-BE54-9A1E7A4F7556}") = "Utility", "Utility\Utility.csproj", "{C32824C0-63E8-47F1-A009-76863FC21EEA}"
EndProject
Project("{9A19103F-16F7-4668-BE54-9A1E7A4F7556}") = "Common", "Common\Common.csproj", "{92F2474A-34B2-4723-8E1C-2C750D275F1C}"
EndProject
Project("{9A19103F-16F7-4668-BE54-9A1E7A4F7556}") = "Concepts", "Concepts\Concepts.csproj", "{F958F152-0346-4F34-AD7B-A9F58E1BC934}"
EndProject
Project("{9A19103F-16F7-4668-BE54-9A1E7A4F7556}") = "SampleApi", "SampleApi\SampleApi.csproj", "{91B50BE4-91B9-4270-844E-C0185610A81F}"
EndProject
Project("{9A19103F-16F7-4668-BE54-9A1E7A4F7556}") = "SampleBLL", "SampleBLL\SampleBLL.csproj", "{EDBC784F-41D9-4359-AD81-FAC4F041D4A4}"
EndProject
Project("{9A19103F-16F7-4668-BE54-9A1E7A4F7556}") = "SampleDAL", "SampleDAL\SampleDAL.csproj", "{08571D91-BE04-4603-96D7-EB66ECBD53C3}"
EndProject
Project("{9A19103F-16F7-4668-BE54-9A1E7A4F7556}") = "SampleModel", "SampleModel\SampleModel.csproj", "{D4AA874B-AFEE-4F96-969D-6FE23B1FA2F3}"
EndProject
Project("{FAE04EC0-301F-11D3-BF4B-00C04F79EFBC}") = "OrgApi", "OrgApi\OrgApi.csproj", "{43E3BB73-853A-4795-919D-92258D731BB5}"
EndProject
Project("{2150E333-8FDC-42A3-9474-1A3956D46DE8}") = "3TireArchitecture", "3TireArchitecture", "{C23841B7-A620-4F32-B448-FF4F769E3FEA}"
EndProject
Project("{2150E333-8FDC-42A3-9474-1A3956D46DE8}") = "DI", "DI", "{EA28DD7A-B8A2-4008-A616-80A32015B8BF}"
EndProject
Project("{2150E333-8FDC-42A3-9474-1A3956D46DE8}") = "ConsoleApp", "ConsoleApp", "{BB29E827-2B50-4279-A3A0-162830565608}"
EndProject
Global
	GlobalSection(SolutionConfigurationPlatforms) = preSolution
		Debug|Any CPU = Debug|Any CPU
		Release|Any CPU = Release|Any CPU
	EndGlobalSection
	GlobalSection(ProjectConfigurationPlatforms) = postSolution
		{1BF71198-B19D-4868-A93A-ABF3AC8BC9BB}.Debug|Any CPU.ActiveCfg = Debug|Any CPU
		{1BF71198-B19D-4868-A93A-ABF3AC8BC9BB}.Debug|Any CPU.Build.0 = Debug|Any CPU
		{1BF71198-B19D-4868-A93A-ABF3AC8BC9BB}.Release|Any CPU.ActiveCfg = Release|Any CPU
		{1BF71198-B19D-4868-A93A-ABF3AC8BC9BB}.Release|Any CPU.Build.0 = Release|Any CPU
		{C32824C0-63E8-47F1-A009-76863FC21EEA}.Debug|Any CPU.ActiveCfg = Debug|Any CPU
		{C32824C0-63E8-47F1-A009-76863FC21EEA}.Debug|Any CPU.Build.0 = Debug|Any CPU
		{C32824C0-63E8-47F1-A009-76863FC21EEA}.Release|Any CPU.ActiveCfg = Release|Any CPU
		{C32824C0-63E8-47F1-A009-76863FC21EEA}.Release|Any CPU.Build.0 = Release|Any CPU
		{92F2474A-34B2-4723-8E1C-2C750D275F1C}.Debug|Any CPU.ActiveCfg = Debug|Any CPU
		{92F2474A-34B2-4723-8E1C-2C750D275F1C}.Debug|Any CPU.Build.0 = Debug|Any CPU
		{92F2474A-34B2-4723-8E1C-2C750D275F1C}.Release|Any CPU.ActiveCfg = Release|Any CPU
		{92F2474A-34B2-4723-8E1C-2C750D275F1C}.Release|Any CPU.Build.0 = Release|Any CPU
		{F958F152-0346-4F34-AD7B-A9F58E1BC934}.Debug|Any CPU.ActiveCfg = Debug|Any CPU
		{F958F152-0346-4F34-AD7B-A9F58E1BC934}.Debug|Any CPU.Build.0 = Debug|Any CPU
		{F958F152-0346-4F34-AD7B-A9F58E1BC934}.Release|Any CPU.ActiveCfg = Release|Any CPU
		{F958F152-0346-4F34-AD7B-A9F58E1BC934}.Release|Any CPU.Build.0 = Release|Any CPU
		{91B50BE4-91B9-4270-844E-C0185610A81F}.Debug|Any CPU.ActiveCfg = Debug|Any CPU
		{91B50BE4-91B9-4270-844E-C0185610A81F}.Debug|Any CPU.Build.0 = Debug|Any CPU
		{91B50BE4-91B9-4270-844E-C0185610A81F}.Release|Any CPU.ActiveCfg = Release|Any CPU
		{91B50BE4-91B9-4270-844E-C0185610A81F}.Release|Any CPU.Build.0 = Release|Any CPU
		{EDBC784F-41D9-4359-AD81-FAC4F041D4A4}.Debug|Any CPU.ActiveCfg = Debug|Any CPU
		{EDBC784F-41D9-4359-AD81-FAC4F041D4A4}.Debug|Any CPU.Build.0 = Debug|Any CPU
		{EDBC784F-41D9-4359-AD81-FAC4F041D4A4}.Release|Any CPU.ActiveCfg = Release|Any CPU
		{EDBC784F-41D9-4359-AD81-FAC4F041D4A4}.Release|Any CPU.Build.0 = Release|Any CPU
		{08571D91-BE04-4603-96D7-EB66ECBD53C3}.Debug|Any CPU.ActiveCfg = Debug|Any CPU
		{08571D91-BE04-4603-96D7-EB66ECBD53C3}.Debug|Any CPU.Build.0 = Debug|Any CPU
		{08571D91-BE04-4603-96D7-EB66ECBD53C3}.Release|Any CPU.ActiveCfg = Release|Any CPU
		{08571D91-BE04-4603-96D7-EB66ECBD53C3}.Release|Any CPU.Build.0 = Release|Any CPU
		{D4AA874B-AFEE-4F96-969D-6FE23B1FA2F3}.Debug|Any CPU.ActiveCfg = Debug|Any CPU
		{D4AA874B-AFEE-4F96-969D-6FE23B1FA2F3}.Debug|Any CPU.Build.0 = Debug|Any CPU
		{D4AA874B-AFEE-4F96-969D-6FE23B1FA2F3}.Release|Any CPU.ActiveCfg = Release|Any CPU
		{D4AA874B-AFEE-4F96-969D-6FE23B1FA2F3}.Release|Any CPU.Build.0 = Release|Any CPU
		{43E3BB73-853A-4795-919D-92258D731BB5}.Debug|Any CPU.ActiveCfg = Debug|Any CPU
		{43E3BB73-853A-4795-919D-92258D731BB5}.Debug|Any CPU.Build.0 = Debug|Any CPU
		{43E3BB73-853A-4795-919D-92258D731BB5}.Release|Any CPU.ActiveCfg = Release|Any CPU
		{43E3BB73-853A-4795-919D-92258D731BB5}.Release|Any CPU.Build.0 = Release|Any CPU
	EndGlobalSection
	GlobalSection(SolutionProperties) = preSolution
		HideSolutionNode = FALSE
	EndGlobalSection
	GlobalSection(NestedProjects) = preSolution
		{1BF71198-B19D-4868-A93A-ABF3AC8BC9BB} = {BB29E827-2B50-4279-A3A0-162830565608}
		{F958F152-0346-4F34-AD7B-A9F58E1BC934} = {BB29E827-2B50-4279-A3A0-162830565608}
		{91B50BE4-91B9-4270-844E-C0185610A81F} = {C23841B7-A620-4F32-B448-FF4F769E3FEA}
		{EDBC784F-41D9-4359-AD81-FAC4F041D4A4} = {C23841B7-A620-4F32-B448-FF4F769E3FEA}
		{08571D91-BE04-4603-96D7-EB66ECBD53C3} = {C23841B7-A620-4F32-B448-FF4F769E3FEA}
		{D4AA874B-AFEE-4F96-969D-6FE23B1FA2F3} = {C23841B7-A620-4F32-B448-FF4F769E3FEA}
		{43E3BB73-853A-4795-919D-92258D731BB5} = {EA28DD7A-B8A2-4008-A616-80A32015B8BF}
	EndGlobalSection
	GlobalSection(ExtensibilityGlobals) = postSolution
		SolutionGuid = {162EA3B2-4DF8-48E4-9717-3A950DD445BB}
	EndGlobalSection
EndGlobal
